
Microsoft Visual Studio Solution File, Format Version 12.00
# Visual Studio Version 17
VisualStudioVersion = 17.6.33829.357
MinimumVisualStudioVersion = 10.0.40219.1
Project("{FAE04EC0-301F-11D3-BF4B-00C04F79EFBC}") = "CefBackend", "CefBackend.csproj", "{7BD0D6DD-EF1F-4BAC-BAD8-91F9C1702D12}"
EndProject
Global
	GlobalSection(SolutionConfigurationPlatforms) = preSolution
		Debug|Any CPU = Debug|Any CPU
		Release|Any CPU = Release|Any CPU
	EndGlobalSection
	GlobalSection(ProjectConfigurationPlatforms) = postSolution
		{7BD0D6DD-EF1F-4BAC-BAD8-91F9C1702D12}.Debug|Any CPU.ActiveCfg = Debug|Any CPU
		{7BD0D6DD-EF1F-4BAC-BAD8-91F9C1702D12}.Debug|Any CPU.Build.0 = Debug|Any CPU
		{7BD0D6DD-EF1F-4BAC-BAD8-91F9C1702D12}.Release|Any CPU.ActiveCfg = Release|Any CPU
		{7BD0D6DD-EF1F-4BAC-BAD8-91F9C1702D12}.Release|Any CPU.Build.0 = Release|Any CPU
	EndGlobalSection
	GlobalSection(SolutionProperties) = preSolution
		HideSolutionNode = FALSE
	EndGlobalSection
	GlobalSection(ExtensibilityGlobals) = postSolution
		SolutionGuid = {2D226B58-1FEE-4979-A080-77A5999D3101}
	EndGlobalSection
EndGlobal
